// !$*UTF8*$!
{
	archiveVersion = 1;
	classes = {
	};
	objectVersion = 50;
	objects = {

/* Begin PBXBuildFile section */
		78C51A7D259632B100A2A6D0 /* AppDelegate.swift in Sources */ = {isa = PBXBuildFile; fileRef = 78C51A7C259632B100A2A6D0 /* AppDelegate.swift */; };
		78C51A86259632B300A2A6D0 /* Assets.xcassets in Resources */ = {isa = PBXBuildFile; fileRef = 78C51A85259632B300A2A6D0 /* Assets.xcassets */; };
		78C51A89259632B300A2A6D0 /* LaunchScreen.storyboard in Resources */ = {isa = PBXBuildFile; fileRef = 78C51A87259632B300A2A6D0 /* LaunchScreen.storyboard */; };
		78C51AA425963D9F00A2A6D0 /* SearchPresenter.swift in Sources */ = {isa = PBXBuildFile; fileRef = 78C51A9F25963D9F00A2A6D0 /* SearchPresenter.swift */; };
		78C51AA525963D9F00A2A6D0 /* SearchRouter.swift in Sources */ = {isa = PBXBuildFile; fileRef = 78C51AA025963D9F00A2A6D0 /* SearchRouter.swift */; };
		78C51AA625963D9F00A2A6D0 /* SearchViewController.swift in Sources */ = {isa = PBXBuildFile; fileRef = 78C51AA125963D9F00A2A6D0 /* SearchViewController.swift */; };
		78C51AA725963D9F00A2A6D0 /* SearchConfigurator.swift in Sources */ = {isa = PBXBuildFile; fileRef = 78C51AA225963D9F00A2A6D0 /* SearchConfigurator.swift */; };
		78C51AA825963D9F00A2A6D0 /* Search.swift in Sources */ = {isa = PBXBuildFile; fileRef = 78C51AA325963D9F00A2A6D0 /* Search.swift */; };
		78C51AB525963DD800A2A6D0 /* SearchHistoryPresenter.swift in Sources */ = {isa = PBXBuildFile; fileRef = 78C51AB025963DD800A2A6D0 /* SearchHistoryPresenter.swift */; };
		78C51AB625963DD800A2A6D0 /* SearchHistoryRouter.swift in Sources */ = {isa = PBXBuildFile; fileRef = 78C51AB125963DD800A2A6D0 /* SearchHistoryRouter.swift */; };
		78C51AB725963DD800A2A6D0 /* SearchHistoryViewController.swift in Sources */ = {isa = PBXBuildFile; fileRef = 78C51AB225963DD800A2A6D0 /* SearchHistoryViewController.swift */; };
		78C51AB825963DD800A2A6D0 /* SearchHistoryConfigurator.swift in Sources */ = {isa = PBXBuildFile; fileRef = 78C51AB325963DD800A2A6D0 /* SearchHistoryConfigurator.swift */; };
		78C51AB925963DD800A2A6D0 /* SearchHistory.swift in Sources */ = {isa = PBXBuildFile; fileRef = 78C51AB425963DD800A2A6D0 /* SearchHistory.swift */; };
/* End PBXBuildFile section */

/* Begin PBXFileReference section */
		78C51A79259632B100A2A6D0 /* iTunes Finder.app */ = {isa = PBXFileReference; explicitFileType = wrapper.application; includeInIndex = 0; path = "iTunes Finder.app"; sourceTree = BUILT_PRODUCTS_DIR; };
		78C51A7C259632B100A2A6D0 /* AppDelegate.swift */ = {isa = PBXFileReference; lastKnownFileType = sourcecode.swift; path = AppDelegate.swift; sourceTree = "<group>"; };
		78C51A85259632B300A2A6D0 /* Assets.xcassets */ = {isa = PBXFileReference; lastKnownFileType = folder.assetcatalog; path = Assets.xcassets; sourceTree = "<group>"; };
		78C51A88259632B300A2A6D0 /* Base */ = {isa = PBXFileReference; lastKnownFileType = file.storyboard; name = Base; path = Base.lproj/LaunchScreen.storyboard; sourceTree = "<group>"; };
		78C51A8A259632B400A2A6D0 /* Info.plist */ = {isa = PBXFileReference; lastKnownFileType = text.plist.xml; path = Info.plist; sourceTree = "<group>"; };
		78C51A9F25963D9F00A2A6D0 /* SearchPresenter.swift */ = {isa = PBXFileReference; lastKnownFileType = sourcecode.swift; path = SearchPresenter.swift; sourceTree = "<group>"; };
		78C51AA025963D9F00A2A6D0 /* SearchRouter.swift */ = {isa = PBXFileReference; lastKnownFileType = sourcecode.swift; path = SearchRouter.swift; sourceTree = "<group>"; };
		78C51AA125963D9F00A2A6D0 /* SearchViewController.swift */ = {isa = PBXFileReference; lastKnownFileType = sourcecode.swift; path = SearchViewController.swift; sourceTree = "<group>"; };
		78C51AA225963D9F00A2A6D0 /* SearchConfigurator.swift */ = {isa = PBXFileReference; lastKnownFileType = sourcecode.swift; path = SearchConfigurator.swift; sourceTree = "<group>"; };
		78C51AA325963D9F00A2A6D0 /* Search.swift */ = {isa = PBXFileReference; lastKnownFileType = sourcecode.swift; path = Search.swift; sourceTree = "<group>"; };
		78C51AB025963DD800A2A6D0 /* SearchHistoryPresenter.swift */ = {isa = PBXFileReference; lastKnownFileType = sourcecode.swift; path = SearchHistoryPresenter.swift; sourceTree = "<group>"; };
		78C51AB125963DD800A2A6D0 /* SearchHistoryRouter.swift */ = {isa = PBXFileReference; lastKnownFileType = sourcecode.swift; path = SearchHistoryRouter.swift; sourceTree = "<group>"; };
		78C51AB225963DD800A2A6D0 /* SearchHistoryViewController.swift */ = {isa = PBXFileReference; lastKnownFileType = sourcecode.swift; path = SearchHistoryViewController.swift; sourceTree = "<group>"; };
		78C51AB325963DD800A2A6D0 /* SearchHistoryConfigurator.swift */ = {isa = PBXFileReference; lastKnownFileType = sourcecode.swift; path = SearchHistoryConfigurator.swift; sourceTree = "<group>"; };
		78C51AB425963DD800A2A6D0 /* SearchHistory.swift */ = {isa = PBXFileReference; lastKnownFileType = sourcecode.swift; path = SearchHistory.swift; sourceTree = "<group>"; };
/* End PBXFileReference section */

/* Begin PBXFrameworksBuildPhase section */
		78C51A76259632B100A2A6D0 /* Frameworks */ = {
			isa = PBXFrameworksBuildPhase;
			buildActionMask = 2147483647;
			files = (
			);
			runOnlyForDeploymentPostprocessing = 0;
		};
/* End PBXFrameworksBuildPhase section */

/* Begin PBXGroup section */
		78C51A70259632B100A2A6D0 = {
			isa = PBXGroup;
			children = (
				78C51A7B259632B100A2A6D0 /* iTunes Finder */,
				78C51A7A259632B100A2A6D0 /* Products */,
			);
			sourceTree = "<group>";
		};
		78C51A7A259632B100A2A6D0 /* Products */ = {
			isa = PBXGroup;
			children = (
				78C51A79259632B100A2A6D0 /* iTunes Finder.app */,
			);
			name = Products;
			sourceTree = "<group>";
		};
		78C51A7B259632B100A2A6D0 /* iTunes Finder */ = {
			isa = PBXGroup;
			children = (
				78C51A9C2596344000A2A6D0 /* Modules */,
				78C51A9B2596343B00A2A6D0 /* Views */,
				78C51A9A2596343600A2A6D0 /* Services */,
				78C51A992596342100A2A6D0 /* Extensions */,
				78C51A96259633E800A2A6D0 /* Supporting Files */,
			);
			path = "iTunes Finder";
			sourceTree = "<group>";
		};
		78C51A96259633E800A2A6D0 /* Supporting Files */ = {
			isa = PBXGroup;
			children = (
				78C51A7C259632B100A2A6D0 /* AppDelegate.swift */,
				78C51A85259632B300A2A6D0 /* Assets.xcassets */,
				78C51A87259632B300A2A6D0 /* LaunchScreen.storyboard */,
				78C51A8A259632B400A2A6D0 /* Info.plist */,
			);
			path = "Supporting Files";
			sourceTree = "<group>";
		};
		78C51A992596342100A2A6D0 /* Extensions */ = {
			isa = PBXGroup;
			children = (
			);
			path = Extensions;
			sourceTree = "<group>";
		};
		78C51A9A2596343600A2A6D0 /* Services */ = {
			isa = PBXGroup;
			children = (
			);
			path = Services;
			sourceTree = "<group>";
		};
		78C51A9B2596343B00A2A6D0 /* Views */ = {
			isa = PBXGroup;
			children = (
			);
			path = Views;
			sourceTree = "<group>";
		};
		78C51A9C2596344000A2A6D0 /* Modules */ = {
			isa = PBXGroup;
			children = (
				78C51A9D25963D8E00A2A6D0 /* Search */,
				78C51A9E25963D9400A2A6D0 /* Search History */,
			);
			path = Modules;
			sourceTree = "<group>";
		};
		78C51A9D25963D8E00A2A6D0 /* Search */ = {
			isa = PBXGroup;
			children = (
				78C51AAF25963DBA00A2A6D0 /* Model */,
				78C51AAE25963DB700A2A6D0 /* View */,
				78C51AAD25963DB000A2A6D0 /* Presenter */,
				78C51AAC25963DAC00A2A6D0 /* Router */,
				78C51AAA25963DA300A2A6D0 /* Configurator */,
			);
			path = Search;
			sourceTree = "<group>";
		};
		78C51A9E25963D9400A2A6D0 /* Search History */ = {
			isa = PBXGroup;
			children = (
				78C51ABF25963DEF00A2A6D0 /* Model */,
				78C51ABE25963DEC00A2A6D0 /* View */,
				78C51ABD25963DE600A2A6D0 /* Presenter */,
				78C51ABC25963DE200A2A6D0 /* Router */,
				78C51ABB25963DDC00A2A6D0 /* Configurator */,
			);
			path = "Search History";
			sourceTree = "<group>";
		};
		78C51AAA25963DA300A2A6D0 /* Configurator */ = {
			isa = PBXGroup;
			children = (
				78C51AA225963D9F00A2A6D0 /* SearchConfigurator.swift */,
			);
			path = Configurator;
			sourceTree = "<group>";
		};
		78C51AAC25963DAC00A2A6D0 /* Router */ = {
			isa = PBXGroup;
			children = (
				78C51AA025963D9F00A2A6D0 /* SearchRouter.swift */,
			);
			path = Router;
			sourceTree = "<group>";
		};
		78C51AAD25963DB000A2A6D0 /* Presenter */ = {
			isa = PBXGroup;
			children = (
				78C51A9F25963D9F00A2A6D0 /* SearchPresenter.swift */,
			);
			path = Presenter;
			sourceTree = "<group>";
		};
		78C51AAE25963DB700A2A6D0 /* View */ = {
			isa = PBXGroup;
			children = (
				78C51AA125963D9F00A2A6D0 /* SearchViewController.swift */,
			);
			path = View;
			sourceTree = "<group>";
		};
		78C51AAF25963DBA00A2A6D0 /* Model */ = {
			isa = PBXGroup;
			children = (
				78C51AA325963D9F00A2A6D0 /* Search.swift */,
			);
			path = Model;
			sourceTree = "<group>";
		};
		78C51ABB25963DDC00A2A6D0 /* Configurator */ = {
			isa = PBXGroup;
			children = (
				78C51AB325963DD800A2A6D0 /* SearchHistoryConfigurator.swift */,
			);
			path = Configurator;
			sourceTree = "<group>";
		};
		78C51ABC25963DE200A2A6D0 /* Router */ = {
			isa = PBXGroup;
			children = (
				78C51AB125963DD800A2A6D0 /* SearchHistoryRouter.swift */,
			);
			path = Router;
			sourceTree = "<group>";
		};
		78C51ABD25963DE600A2A6D0 /* Presenter */ = {
			isa = PBXGroup;
			children = (
				78C51AB025963DD800A2A6D0 /* SearchHistoryPresenter.swift */,
			);
			path = Presenter;
			sourceTree = "<group>";
		};
		78C51ABE25963DEC00A2A6D0 /* View */ = {
			isa = PBXGroup;
			children = (
				78C51AB225963DD800A2A6D0 /* SearchHistoryViewController.swift */,
			);
			path = View;
			sourceTree = "<group>";
		};
		78C51ABF25963DEF00A2A6D0 /* Model */ = {
			isa = PBXGroup;
			children = (
				78C51AB425963DD800A2A6D0 /* SearchHistory.swift */,
			);
			path = Model;
			sourceTree = "<group>";
		};
/* End PBXGroup section */

/* Begin PBXNativeTarget section */
		78C51A78259632B100A2A6D0 /* iTunes Finder */ = {
			isa = PBXNativeTarget;
			buildConfigurationList = 78C51A8D259632B400A2A6D0 /* Build configuration list for PBXNativeTarget "iTunes Finder" */;
			buildPhases = (
				78C51A75259632B100A2A6D0 /* Sources */,
				78C51A76259632B100A2A6D0 /* Frameworks */,
				78C51A77259632B100A2A6D0 /* Resources */,
			);
			buildRules = (
			);
			dependencies = (
			);
			name = "iTunes Finder";
			productName = "iTunes Finder";
			productReference = 78C51A79259632B100A2A6D0 /* iTunes Finder.app */;
			productType = "com.apple.product-type.application";
		};
/* End PBXNativeTarget section */

/* Begin PBXProject section */
		78C51A71259632B100A2A6D0 /* Project object */ = {
			isa = PBXProject;
			attributes = {
				LastSwiftUpdateCheck = 1230;
				LastUpgradeCheck = 1230;
				TargetAttributes = {
					78C51A78259632B100A2A6D0 = {
						CreatedOnToolsVersion = 12.3;
					};
				};
			};
			buildConfigurationList = 78C51A74259632B100A2A6D0 /* Build configuration list for PBXProject "iTunes Finder" */;
			compatibilityVersion = "Xcode 9.3";
			developmentRegion = en;
			hasScannedForEncodings = 0;
			knownRegions = (
				en,
				Base,
			);
			mainGroup = 78C51A70259632B100A2A6D0;
			productRefGroup = 78C51A7A259632B100A2A6D0 /* Products */;
			projectDirPath = "";
			projectRoot = "";
			targets = (
				78C51A78259632B100A2A6D0 /* iTunes Finder */,
			);
		};
/* End PBXProject section */

/* Begin PBXResourcesBuildPhase section */
		78C51A77259632B100A2A6D0 /* Resources */ = {
			isa = PBXResourcesBuildPhase;
			buildActionMask = 2147483647;
			files = (
				78C51A89259632B300A2A6D0 /* LaunchScreen.storyboard in Resources */,
				78C51A86259632B300A2A6D0 /* Assets.xcassets in Resources */,
			);
			runOnlyForDeploymentPostprocessing = 0;
		};
/* End PBXResourcesBuildPhase section */

/* Begin PBXSourcesBuildPhase section */
		78C51A75259632B100A2A6D0 /* Sources */ = {
			isa = PBXSourcesBuildPhase;
			buildActionMask = 2147483647;
			files = (
				78C51AB925963DD800A2A6D0 /* SearchHistory.swift in Sources */,
				78C51AA725963D9F00A2A6D0 /* SearchConfigurator.swift in Sources */,
				78C51AB825963DD800A2A6D0 /* SearchHistoryConfigurator.swift in Sources */,
				78C51AA525963D9F00A2A6D0 /* SearchRouter.swift in Sources */,
				78C51AB525963DD800A2A6D0 /* SearchHistoryPresenter.swift in Sources */,
				78C51AA425963D9F00A2A6D0 /* SearchPresenter.swift in Sources */,
				78C51AA825963D9F00A2A6D0 /* Search.swift in Sources */,
				78C51AB625963DD800A2A6D0 /* SearchHistoryRouter.swift in Sources */,
				78C51AA625963D9F00A2A6D0 /* SearchViewController.swift in Sources */,
				78C51AB725963DD800A2A6D0 /* SearchHistoryViewController.swift in Sources */,
				78C51A7D259632B100A2A6D0 /* AppDelegate.swift in Sources */,
			);
			runOnlyForDeploymentPostprocessing = 0;
		};
/* End PBXSourcesBuildPhase section */

/* Begin PBXVariantGroup section */
		78C51A87259632B300A2A6D0 /* LaunchScreen.storyboard */ = {
			isa = PBXVariantGroup;
			children = (
				78C51A88259632B300A2A6D0 /* Base */,
			);
			name = LaunchScreen.storyboard;
			sourceTree = "<group>";
		};
/* End PBXVariantGroup section */

/* Begin XCBuildConfiguration section */
		78C51A8B259632B400A2A6D0 /* Debug */ = {
			isa = XCBuildConfiguration;
			buildSettings = {
				ALWAYS_SEARCH_USER_PATHS = NO;
				CLANG_ANALYZER_NONNULL = YES;
				CLANG_ANALYZER_NUMBER_OBJECT_CONVERSION = YES_AGGRESSIVE;
				CLANG_CXX_LANGUAGE_STANDARD = "gnu++14";
				CLANG_CXX_LIBRARY = "libc++";
				CLANG_ENABLE_MODULES = YES;
				CLANG_ENABLE_OBJC_ARC = YES;
				CLANG_ENABLE_OBJC_WEAK = YES;
				CLANG_WARN_BLOCK_CAPTURE_AUTORELEASING = YES;
				CLANG_WARN_BOOL_CONVERSION = YES;
				CLANG_WARN_COMMA = YES;
				CLANG_WARN_CONSTANT_CONVERSION = YES;
				CLANG_WARN_DEPRECATED_OBJC_IMPLEMENTATIONS = YES;
				CLANG_WARN_DIRECT_OBJC_ISA_USAGE = YES_ERROR;
				CLANG_WARN_DOCUMENTATION_COMMENTS = YES;
				CLANG_WARN_EMPTY_BODY = YES;
				CLANG_WARN_ENUM_CONVERSION = YES;
				CLANG_WARN_INFINITE_RECURSION = YES;
				CLANG_WARN_INT_CONVERSION = YES;
				CLANG_WARN_NON_LITERAL_NULL_CONVERSION = YES;
				CLANG_WARN_OBJC_IMPLICIT_RETAIN_SELF = YES;
				CLANG_WARN_OBJC_LITERAL_CONVERSION = YES;
				CLANG_WARN_OBJC_ROOT_CLASS = YES_ERROR;
				CLANG_WARN_QUOTED_INCLUDE_IN_FRAMEWORK_HEADER = YES;
				CLANG_WARN_RANGE_LOOP_ANALYSIS = YES;
				CLANG_WARN_STRICT_PROTOTYPES = YES;
				CLANG_WARN_SUSPICIOUS_MOVE = YES;
				CLANG_WARN_UNGUARDED_AVAILABILITY = YES_AGGRESSIVE;
				CLANG_WARN_UNREACHABLE_CODE = YES;
				CLANG_WARN__DUPLICATE_METHOD_MATCH = YES;
				COPY_PHASE_STRIP = NO;
				DEBUG_INFORMATION_FORMAT = dwarf;
				ENABLE_STRICT_OBJC_MSGSEND = YES;
				ENABLE_TESTABILITY = YES;
				GCC_C_LANGUAGE_STANDARD = gnu11;
				GCC_DYNAMIC_NO_PIC = NO;
				GCC_NO_COMMON_BLOCKS = YES;
				GCC_OPTIMIZATION_LEVEL = 0;
				GCC_PREPROCESSOR_DEFINITIONS = (
					"DEBUG=1",
					"$(inherited)",
				);
				GCC_WARN_64_TO_32_BIT_CONVERSION = YES;
				GCC_WARN_ABOUT_RETURN_TYPE = YES_ERROR;
				GCC_WARN_UNDECLARED_SELECTOR = YES;
				GCC_WARN_UNINITIALIZED_AUTOS = YES_AGGRESSIVE;
				GCC_WARN_UNUSED_FUNCTION = YES;
				GCC_WARN_UNUSED_VARIABLE = YES;
				IPHONEOS_DEPLOYMENT_TARGET = 14.3;
				MTL_ENABLE_DEBUG_INFO = INCLUDE_SOURCE;
				MTL_FAST_MATH = YES;
				ONLY_ACTIVE_ARCH = YES;
				SDKROOT = iphoneos;
				SWIFT_ACTIVE_COMPILATION_CONDITIONS = DEBUG;
				SWIFT_OPTIMIZATION_LEVEL = "-Onone";
			};
			name = Debug;
		};
		78C51A8C259632B400A2A6D0 /* Release */ = {
			isa = XCBuildConfiguration;
			buildSettings = {
				ALWAYS_SEARCH_USER_PATHS = NO;
				CLANG_ANALYZER_NONNULL = YES;
				CLANG_ANALYZER_NUMBER_OBJECT_CONVERSION = YES_AGGRESSIVE;
				CLANG_CXX_LANGUAGE_STANDARD = "gnu++14";
				CLANG_CXX_LIBRARY = "libc++";
				CLANG_ENABLE_MODULES = YES;
				CLANG_ENABLE_OBJC_ARC = YES;
				CLANG_ENABLE_OBJC_WEAK = YES;
				CLANG_WARN_BLOCK_CAPTURE_AUTORELEASING = YES;
				CLANG_WARN_BOOL_CONVERSION = YES;
				CLANG_WARN_COMMA = YES;
				CLANG_WARN_CONSTANT_CONVERSION = YES;
				CLANG_WARN_DEPRECATED_OBJC_IMPLEMENTATIONS = YES;
				CLANG_WARN_DIRECT_OBJC_ISA_USAGE = YES_ERROR;
				CLANG_WARN_DOCUMENTATION_COMMENTS = YES;
				CLANG_WARN_EMPTY_BODY = YES;
				CLANG_WARN_ENUM_CONVERSION = YES;
				CLANG_WARN_INFINITE_RECURSION = YES;
				CLANG_WARN_INT_CONVERSION = YES;
				CLANG_WARN_NON_LITERAL_NULL_CONVERSION = YES;
				CLANG_WARN_OBJC_IMPLICIT_RETAIN_SELF = YES;
				CLANG_WARN_OBJC_LITERAL_CONVERSION = YES;
				CLANG_WARN_OBJC_ROOT_CLASS = YES_ERROR;
				CLANG_WARN_QUOTED_INCLUDE_IN_FRAMEWORK_HEADER = YES;
				CLANG_WARN_RANGE_LOOP_ANALYSIS = YES;
				CLANG_WARN_STRICT_PROTOTYPES = YES;
				CLANG_WARN_SUSPICIOUS_MOVE = YES;
				CLANG_WARN_UNGUARDED_AVAILABILITY = YES_AGGRESSIVE;
				CLANG_WARN_UNREACHABLE_CODE = YES;
				CLANG_WARN__DUPLICATE_METHOD_MATCH = YES;
				COPY_PHASE_STRIP = NO;
				DEBUG_INFORMATION_FORMAT = "dwarf-with-dsym";
				ENABLE_NS_ASSERTIONS = NO;
				ENABLE_STRICT_OBJC_MSGSEND = YES;
				GCC_C_LANGUAGE_STANDARD = gnu11;
				GCC_NO_COMMON_BLOCKS = YES;
				GCC_WARN_64_TO_32_BIT_CONVERSION = YES;
				GCC_WARN_ABOUT_RETURN_TYPE = YES_ERROR;
				GCC_WARN_UNDECLARED_SELECTOR = YES;
				GCC_WARN_UNINITIALIZED_AUTOS = YES_AGGRESSIVE;
				GCC_WARN_UNUSED_FUNCTION = YES;
				GCC_WARN_UNUSED_VARIABLE = YES;
				IPHONEOS_DEPLOYMENT_TARGET = 14.3;
				MTL_ENABLE_DEBUG_INFO = NO;
				MTL_FAST_MATH = YES;
				SDKROOT = iphoneos;
				SWIFT_COMPILATION_MODE = wholemodule;
				SWIFT_OPTIMIZATION_LEVEL = "-O";
				VALIDATE_PRODUCT = YES;
			};
			name = Release;
		};
		78C51A8E259632B400A2A6D0 /* Debug */ = {
			isa = XCBuildConfiguration;
			buildSettings = {
				ASSETCATALOG_COMPILER_APPICON_NAME = AppIcon;
				ASSETCATALOG_COMPILER_GLOBAL_ACCENT_COLOR_NAME = AccentColor;
				CODE_SIGN_STYLE = Automatic;
				DEVELOPMENT_TEAM = 5A2X6KMTCZ;
				INFOPLIST_FILE = "$(SRCROOT)/iTunes Finder/Supporting Files/Info.plist";
				IPHONEOS_DEPLOYMENT_TARGET = 12.0;
				LD_RUNPATH_SEARCH_PATHS = (
					"$(inherited)",
					"@executable_path/Frameworks",
				);
				PRODUCT_BUNDLE_IDENTIFIER = "ru.lazybyte.iTunes-Finder";
				PRODUCT_NAME = "$(TARGET_NAME)";
				SWIFT_VERSION = 5.0;
				TARGETED_DEVICE_FAMILY = 1;
			};
			name = Debug;
		};
		78C51A8F259632B400A2A6D0 /* Release */ = {
			isa = XCBuildConfiguration;
			buildSettings = {
				ASSETCATALOG_COMPILER_APPICON_NAME = AppIcon;
				ASSETCATALOG_COMPILER_GLOBAL_ACCENT_COLOR_NAME = AccentColor;
				CODE_SIGN_STYLE = Automatic;
				DEVELOPMENT_TEAM = 5A2X6KMTCZ;
				INFOPLIST_FILE = "$(SRCROOT)/iTunes Finder/Supporting Files/Info.plist";
				IPHONEOS_DEPLOYMENT_TARGET = 12.0;
				LD_RUNPATH_SEARCH_PATHS = (
					"$(inherited)",
					"@executable_path/Frameworks",
				);
				PRODUCT_BUNDLE_IDENTIFIER = "ru.lazybyte.iTunes-Finder";
				PRODUCT_NAME = "$(TARGET_NAME)";
				SWIFT_VERSION = 5.0;
				TARGETED_DEVICE_FAMILY = 1;
			};
			name = Release;
		};
/* End XCBuildConfiguration section */

/* Begin XCConfigurationList section */
		78C51A74259632B100A2A6D0 /* Build configuration list for PBXProject "iTunes Finder" */ = {
			isa = XCConfigurationList;
			buildConfigurations = (
				78C51A8B259632B400A2A6D0 /* Debug */,
				78C51A8C259632B400A2A6D0 /* Release */,
			);
			defaultConfigurationIsVisible = 0;
			defaultConfigurationName = Release;
		};
		78C51A8D259632B400A2A6D0 /* Build configuration list for PBXNativeTarget "iTunes Finder" */ = {
			isa = XCConfigurationList;
			buildConfigurations = (
				78C51A8E259632B400A2A6D0 /* Debug */,
				78C51A8F259632B400A2A6D0 /* Release */,
			);
			defaultConfigurationIsVisible = 0;
			defaultConfigurationName = Release;
		};
/* End XCConfigurationList section */
	};
	rootObject = 78C51A71259632B100A2A6D0 /* Project object */;
}
